
Microsoft Visual Studio Solution File, Format Version 12.00
# Visual Studio Version 17
VisualStudioVersion = 17.5.33502.453
MinimumVisualStudioVersion = 10.0.40219.1
Project("{9A19103F-16F7-4668-BE54-9A1E7A4F7556}") = "Cars.API", "Cars.API\Cars.API.csproj", "{BC01B81C-F113-4F92-A74C-CE23139A8EE8}"
EndProject
Project("{9A19103F-16F7-4668-BE54-9A1E7A4F7556}") = "Cars.Shared", "Cars.Shared\Cars.Shared.csproj", "{C4E63A30-EDB1-4338-A3FB-97CC261CB4F3}"
EndProject
Project("{FAE04EC0-301F-11D3-BF4B-00C04F79EFBC}") = "Repositories", "Repositories\Repositories.csproj", "{494B2A3D-C64A-4267-A5A3-DE9ADD2FA8BB}"
EndProject
Global
	GlobalSection(SolutionConfigurationPlatforms) = preSolution
		Debug|Any CPU = Debug|Any CPU
		Release|Any CPU = Release|Any CPU
	EndGlobalSection
	GlobalSection(ProjectConfigurationPlatforms) = postSolution
		{BC01B81C-F113-4F92-A74C-CE23139A8EE8}.Debug|Any CPU.ActiveCfg = Debug|Any CPU
		{BC01B81C-F113-4F92-A74C-CE23139A8EE8}.Debug|Any CPU.Build.0 = Debug|Any CPU
		{BC01B81C-F113-4F92-A74C-CE23139A8EE8}.Release|Any CPU.ActiveCfg = Release|Any CPU
		{BC01B81C-F113-4F92-A74C-CE23139A8EE8}.Release|Any CPU.Build.0 = Release|Any CPU
		{C4E63A30-EDB1-4338-A3FB-97CC261CB4F3}.Debug|Any CPU.ActiveCfg = Debug|Any CPU
		{C4E63A30-EDB1-4338-A3FB-97CC261CB4F3}.Debug|Any CPU.Build.0 = Debug|Any CPU
		{C4E63A30-EDB1-4338-A3FB-97CC261CB4F3}.Release|Any CPU.ActiveCfg = Release|Any CPU
		{C4E63A30-EDB1-4338-A3FB-97CC261CB4F3}.Release|Any CPU.Build.0 = Release|Any CPU
		{494B2A3D-C64A-4267-A5A3-DE9ADD2FA8BB}.Debug|Any CPU.ActiveCfg = Debug|Any CPU
		{494B2A3D-C64A-4267-A5A3-DE9ADD2FA8BB}.Debug|Any CPU.Build.0 = Debug|Any CPU
		{494B2A3D-C64A-4267-A5A3-DE9ADD2FA8BB}.Release|Any CPU.ActiveCfg = Release|Any CPU
		{494B2A3D-C64A-4267-A5A3-DE9ADD2FA8BB}.Release|Any CPU.Build.0 = Release|Any CPU
	EndGlobalSection
	GlobalSection(SolutionProperties) = preSolution
		HideSolutionNode = FALSE
	EndGlobalSection
	GlobalSection(ExtensibilityGlobals) = postSolution
		SolutionGuid = {069F2F0C-11E0-43CB-8D65-FD9084E4E348}
	EndGlobalSection
EndGlobal
